
Microsoft Visual Studio Solution File, Format Version 12.00
# Visual Studio Version 17
VisualStudioVersion = 17.1.32210.238
MinimumVisualStudioVersion = 10.0.40219.1
Project("{9A19103F-16F7-4668-BE54-9A1E7A4F7556}") = "220921_array_BubbleSorting", "220921_array_BubbleSorting.csproj", "{79EBB8F8-61A8-46D1-A89F-B876F10B979B}"
EndProject
Project("{9A19103F-16F7-4668-BE54-9A1E7A4F7556}") = "ClassLibrary_Cheng3001", "..\ClassLibrary_Cheng3001\ClassLibrary_Cheng3001.csproj", "{2B504191-0242-4EF2-8234-1364A522A35C}"
EndProject
Global
	GlobalSection(SolutionConfigurationPlatforms) = preSolution
		Debug|Any CPU = Debug|Any CPU
		Release|Any CPU = Release|Any CPU
	EndGlobalSection
	GlobalSection(ProjectConfigurationPlatforms) = postSolution
		{79EBB8F8-61A8-46D1-A89F-B876F10B979B}.Debug|Any CPU.ActiveCfg = Debug|Any CPU
		{79EBB8F8-61A8-46D1-A89F-B876F10B979B}.Debug|Any CPU.Build.0 = Debug|Any CPU
		{79EBB8F8-61A8-46D1-A89F-B876F10B979B}.Release|Any CPU.ActiveCfg = Release|Any CPU
		{79EBB8F8-61A8-46D1-A89F-B876F10B979B}.Release|Any CPU.Build.0 = Release|Any CPU
		{2B504191-0242-4EF2-8234-1364A522A35C}.Debug|Any CPU.ActiveCfg = Debug|Any CPU
		{2B504191-0242-4EF2-8234-1364A522A35C}.Debug|Any CPU.Build.0 = Debug|Any CPU
		{2B504191-0242-4EF2-8234-1364A522A35C}.Release|Any CPU.ActiveCfg = Release|Any CPU
		{2B504191-0242-4EF2-8234-1364A522A35C}.Release|Any CPU.Build.0 = Release|Any CPU
	EndGlobalSection
	GlobalSection(SolutionProperties) = preSolution
		HideSolutionNode = FALSE
	EndGlobalSection
	GlobalSection(ExtensibilityGlobals) = postSolution
		SolutionGuid = {A1152B9C-97FE-492E-AA46-ABE0E3C6CB77}
	EndGlobalSection
EndGlobal
