
Microsoft Visual Studio Solution File, Format Version 12.00
# Visual Studio Version 17
VisualStudioVersion = 17.1.32210.238
MinimumVisualStudioVersion = 10.0.40219.1
Project("{FAE04EC0-301F-11D3-BF4B-00C04F79EFBC}") = "110213076_SelectionSort", "110213076_SelectionSort.csproj", "{AA7DF42E-7C71-4E30-A9FB-79B3CE34425A}"
EndProject
Global
	GlobalSection(SolutionConfigurationPlatforms) = preSolution
		Debug|Any CPU = Debug|Any CPU
		Release|Any CPU = Release|Any CPU
	EndGlobalSection
	GlobalSection(ProjectConfigurationPlatforms) = postSolution
		{AA7DF42E-7C71-4E30-A9FB-79B3CE34425A}.Debug|Any CPU.ActiveCfg = Debug|Any CPU
		{AA7DF42E-7C71-4E30-A9FB-79B3CE34425A}.Debug|Any CPU.Build.0 = Debug|Any CPU
		{AA7DF42E-7C71-4E30-A9FB-79B3CE34425A}.Release|Any CPU.ActiveCfg = Release|Any CPU
		{AA7DF42E-7C71-4E30-A9FB-79B3CE34425A}.Release|Any CPU.Build.0 = Release|Any CPU
	EndGlobalSection
	GlobalSection(SolutionProperties) = preSolution
		HideSolutionNode = FALSE
	EndGlobalSection
	GlobalSection(ExtensibilityGlobals) = postSolution
		SolutionGuid = {13698685-8024-4D2C-91D9-A69E929CA478}
	EndGlobalSection
EndGlobal
