
Microsoft Visual Studio Solution File, Format Version 12.00
# Visual Studio Version 16
VisualStudioVersion = 16.0.31702.278
MinimumVisualStudioVersion = 10.0.40219.1
Project("{FAE04EC0-301F-11D3-BF4B-00C04F79EFBC}") = "Q4", "Q4.csproj", "{73954C20-3FDA-4501-8AD5-25ADBFBEDD57}"
EndProject
Global
	GlobalSection(SolutionConfigurationPlatforms) = preSolution
		Debug|Any CPU = Debug|Any CPU
		Release|Any CPU = Release|Any CPU
	EndGlobalSection
	GlobalSection(ProjectConfigurationPlatforms) = postSolution
		{73954C20-3FDA-4501-8AD5-25ADBFBEDD57}.Debug|Any CPU.ActiveCfg = Debug|Any CPU
		{73954C20-3FDA-4501-8AD5-25ADBFBEDD57}.Debug|Any CPU.Build.0 = Debug|Any CPU
		{73954C20-3FDA-4501-8AD5-25ADBFBEDD57}.Release|Any CPU.ActiveCfg = Release|Any CPU
		{73954C20-3FDA-4501-8AD5-25ADBFBEDD57}.Release|Any CPU.Build.0 = Release|Any CPU
	EndGlobalSection
	GlobalSection(SolutionProperties) = preSolution
		HideSolutionNode = FALSE
	EndGlobalSection
	GlobalSection(ExtensibilityGlobals) = postSolution
		SolutionGuid = {54646C25-7D36-45DA-A99B-674BFA61E869}
	EndGlobalSection
EndGlobal
