
Microsoft Visual Studio Solution File, Format Version 12.00
# Visual Studio Version 17
VisualStudioVersion = 17.1.32210.238
MinimumVisualStudioVersion = 10.0.40219.1
Project("{9A19103F-16F7-4668-BE54-9A1E7A4F7556}") = "1102_Stack", "1102_Stack.csproj", "{6DF7A844-1711-40D2-A222-EC66EE3A87B0}"
EndProject
Project("{9A19103F-16F7-4668-BE54-9A1E7A4F7556}") = "ClassLibrary_Cheng3001", "..\ClassLibrary_Cheng3001\ClassLibrary_Cheng3001.csproj", "{B5719547-F21D-4E33-90E1-5F4B1821EE1C}"
EndProject
Global
	GlobalSection(SolutionConfigurationPlatforms) = preSolution
		Debug|Any CPU = Debug|Any CPU
		Release|Any CPU = Release|Any CPU
	EndGlobalSection
	GlobalSection(ProjectConfigurationPlatforms) = postSolution
		{6DF7A844-1711-40D2-A222-EC66EE3A87B0}.Debug|Any CPU.ActiveCfg = Debug|Any CPU
		{6DF7A844-1711-40D2-A222-EC66EE3A87B0}.Debug|Any CPU.Build.0 = Debug|Any CPU
		{6DF7A844-1711-40D2-A222-EC66EE3A87B0}.Release|Any CPU.ActiveCfg = Release|Any CPU
		{6DF7A844-1711-40D2-A222-EC66EE3A87B0}.Release|Any CPU.Build.0 = Release|Any CPU
		{B5719547-F21D-4E33-90E1-5F4B1821EE1C}.Debug|Any CPU.ActiveCfg = Debug|Any CPU
		{B5719547-F21D-4E33-90E1-5F4B1821EE1C}.Debug|Any CPU.Build.0 = Debug|Any CPU
		{B5719547-F21D-4E33-90E1-5F4B1821EE1C}.Release|Any CPU.ActiveCfg = Release|Any CPU
		{B5719547-F21D-4E33-90E1-5F4B1821EE1C}.Release|Any CPU.Build.0 = Release|Any CPU
	EndGlobalSection
	GlobalSection(SolutionProperties) = preSolution
		HideSolutionNode = FALSE
	EndGlobalSection
	GlobalSection(ExtensibilityGlobals) = postSolution
		SolutionGuid = {411583BB-44FC-4B36-93D5-6E4A80B87926}
	EndGlobalSection
EndGlobal
