
Microsoft Visual Studio Solution File, Format Version 12.00
# Visual Studio Version 17
VisualStudioVersion = 17.1.32210.238
MinimumVisualStudioVersion = 10.0.40219.1
Project("{FAE04EC0-301F-11D3-BF4B-00C04F79EFBC}") = "221026_StackPractice", "221026_StackPractice.csproj", "{1077EF50-1B71-41A5-B8A8-0BBC1995D017}"
EndProject
Global
	GlobalSection(SolutionConfigurationPlatforms) = preSolution
		Debug|Any CPU = Debug|Any CPU
		Release|Any CPU = Release|Any CPU
	EndGlobalSection
	GlobalSection(ProjectConfigurationPlatforms) = postSolution
		{1077EF50-1B71-41A5-B8A8-0BBC1995D017}.Debug|Any CPU.ActiveCfg = Debug|Any CPU
		{1077EF50-1B71-41A5-B8A8-0BBC1995D017}.Debug|Any CPU.Build.0 = Debug|Any CPU
		{1077EF50-1B71-41A5-B8A8-0BBC1995D017}.Release|Any CPU.ActiveCfg = Release|Any CPU
		{1077EF50-1B71-41A5-B8A8-0BBC1995D017}.Release|Any CPU.Build.0 = Release|Any CPU
	EndGlobalSection
	GlobalSection(SolutionProperties) = preSolution
		HideSolutionNode = FALSE
	EndGlobalSection
	GlobalSection(ExtensibilityGlobals) = postSolution
		SolutionGuid = {FF02B122-053F-4824-9C11-3F5309260799}
	EndGlobalSection
EndGlobal
